
Microsoft Visual Studio Solution File, Format Version 12.00
# Visual Studio Version 17
VisualStudioVersion = 17.8.34330.188
MinimumVisualStudioVersion = 10.0.40219.1
Project("{FAE04EC0-301F-11D3-BF4B-00C04F79EFBC}") = "DJASM", "DJASM.csproj", "{B62C7D57-C1D4-486F-8B81-AFB81D283E05}"
EndProject
Global
	GlobalSection(SolutionConfigurationPlatforms) = preSolution
		Debug|Any CPU = Debug|Any CPU
		Release|Any CPU = Release|Any CPU
	EndGlobalSection
	GlobalSection(ProjectConfigurationPlatforms) = postSolution
		{B62C7D57-C1D4-486F-8B81-AFB81D283E05}.Debug|Any CPU.ActiveCfg = Debug|Any CPU
		{B62C7D57-C1D4-486F-8B81-AFB81D283E05}.Debug|Any CPU.Build.0 = Debug|Any CPU
		{B62C7D57-C1D4-486F-8B81-AFB81D283E05}.Release|Any CPU.ActiveCfg = Release|Any CPU
		{B62C7D57-C1D4-486F-8B81-AFB81D283E05}.Release|Any CPU.Build.0 = Release|Any CPU
	EndGlobalSection
	GlobalSection(SolutionProperties) = preSolution
		HideSolutionNode = FALSE
	EndGlobalSection
	GlobalSection(ExtensibilityGlobals) = postSolution
		SolutionGuid = {83F56640-1E35-4327-B97C-FE68A5E5AB01}
	EndGlobalSection
EndGlobal
